// !$*UTF8*$!
{
	archiveVersion = 1;
	classes = {
	};
	objectVersion = 55;
	objects = {

/* Begin PBXBuildFile section */
		3A010927277145AC001DF464 /* AppDelegate.swift in Sources */ = {isa = PBXBuildFile; fileRef = 3A010926277145AC001DF464 /* AppDelegate.swift */; };
		3A010929277145AC001DF464 /* SceneDelegate.swift in Sources */ = {isa = PBXBuildFile; fileRef = 3A010928277145AC001DF464 /* SceneDelegate.swift */; };
		3A01092B277145AC001DF464 /* ViewController.swift in Sources */ = {isa = PBXBuildFile; fileRef = 3A01092A277145AC001DF464 /* ViewController.swift */; };
		3A01092E277145AC001DF464 /* Main.storyboard in Resources */ = {isa = PBXBuildFile; fileRef = 3A01092C277145AC001DF464 /* Main.storyboard */; };
		3A010930277145AD001DF464 /* Assets.xcassets in Resources */ = {isa = PBXBuildFile; fileRef = 3A01092F277145AD001DF464 /* Assets.xcassets */; };
		3A010933277145AD001DF464 /* LaunchScreen.storyboard in Resources */ = {isa = PBXBuildFile; fileRef = 3A010931277145AD001DF464 /* LaunchScreen.storyboard */; };
		3A01093E277145AE001DF464 /* Conditional_LogicTests.swift in Sources */ = {isa = PBXBuildFile; fileRef = 3A01093D277145AE001DF464 /* Conditional_LogicTests.swift */; };
		3A010948277145AE001DF464 /* Conditional_LogicUITests.swift in Sources */ = {isa = PBXBuildFile; fileRef = 3A010947277145AE001DF464 /* Conditional_LogicUITests.swift */; };
		3A01094A277145AE001DF464 /* Conditional_LogicUITestsLaunchTests.swift in Sources */ = {isa = PBXBuildFile; fileRef = 3A010949277145AE001DF464 /* Conditional_LogicUITestsLaunchTests.swift */; };
/* End PBXBuildFile section */

/* Begin PBXContainerItemProxy section */
		3A01093A277145AE001DF464 /* PBXContainerItemProxy */ = {
			isa = PBXContainerItemProxy;
			containerPortal = 3A01091B277145AC001DF464 /* Project object */;
			proxyType = 1;
			remoteGlobalIDString = 3A010922277145AC001DF464;
			remoteInfo = "Conditional Logic";
		};
		3A010944277145AE001DF464 /* PBXContainerItemProxy */ = {
			isa = PBXContainerItemProxy;
			containerPortal = 3A01091B277145AC001DF464 /* Project object */;
			proxyType = 1;
			remoteGlobalIDString = 3A010922277145AC001DF464;
			remoteInfo = "Conditional Logic";
		};
/* End PBXContainerItemProxy section */

/* Begin PBXFileReference section */
		3A010923277145AC001DF464 /* Conditional Logic.app */ = {isa = PBXFileReference; explicitFileType = wrapper.application; includeInIndex = 0; path = "Conditional Logic.app"; sourceTree = BUILT_PRODUCTS_DIR; };
		3A010926277145AC001DF464 /* AppDelegate.swift */ = {isa = PBXFileReference; lastKnownFileType = sourcecode.swift; path = AppDelegate.swift; sourceTree = "<group>"; };
		3A010928277145AC001DF464 /* SceneDelegate.swift */ = {isa = PBXFileReference; lastKnownFileType = sourcecode.swift; path = SceneDelegate.swift; sourceTree = "<group>"; };
		3A01092A277145AC001DF464 /* ViewController.swift */ = {isa = PBXFileReference; lastKnownFileType = sourcecode.swift; path = ViewController.swift; sourceTree = "<group>"; };
		3A01092D277145AC001DF464 /* Base */ = {isa = PBXFileReference; lastKnownFileType = file.storyboard; name = Base; path = Base.lproj/Main.storyboard; sourceTree = "<group>"; };
		3A01092F277145AD001DF464 /* Assets.xcassets */ = {isa = PBXFileReference; lastKnownFileType = folder.assetcatalog; path = Assets.xcassets; sourceTree = "<group>"; };
		3A010932277145AD001DF464 /* Base */ = {isa = PBXFileReference; lastKnownFileType = file.storyboard; name = Base; path = Base.lproj/LaunchScreen.storyboard; sourceTree = "<group>"; };
		3A010934277145AD001DF464 /* Info.plist */ = {isa = PBXFileReference; lastKnownFileType = text.plist.xml; path = Info.plist; sourceTree = "<group>"; };
		3A010939277145AE001DF464 /* Conditional LogicTests.xctest */ = {isa = PBXFileReference; explicitFileType = wrapper.cfbundle; includeInIndex = 0; path = "Conditional LogicTests.xctest"; sourceTree = BUILT_PRODUCTS_DIR; };
		3A01093D277145AE001DF464 /* Conditional_LogicTests.swift */ = {isa = PBXFileReference; lastKnownFileType = sourcecode.swift; path = Conditional_LogicTests.swift; sourceTree = "<group>"; };
		3A010943277145AE001DF464 /* Conditional LogicUITests.xctest */ = {isa = PBXFileReference; explicitFileType = wrapper.cfbundle; includeInIndex = 0; path = "Conditional LogicUITests.xctest"; sourceTree = BUILT_PRODUCTS_DIR; };
		3A010947277145AE001DF464 /* Conditional_LogicUITests.swift */ = {isa = PBXFileReference; lastKnownFileType = sourcecode.swift; path = Conditional_LogicUITests.swift; sourceTree = "<group>"; };
		3A010949277145AE001DF464 /* Conditional_LogicUITestsLaunchTests.swift */ = {isa = PBXFileReference; lastKnownFileType = sourcecode.swift; path = Conditional_LogicUITestsLaunchTests.swift; sourceTree = "<group>"; };
/* End PBXFileReference section */

/* Begin PBXFrameworksBuildPhase section */
		3A010920277145AC001DF464 /* Frameworks */ = {
			isa = PBXFrameworksBuildPhase;
			buildActionMask = 2147483647;
			files = (
			);
			runOnlyForDeploymentPostprocessing = 0;
		};
		3A010936277145AE001DF464 /* Frameworks */ = {
			isa = PBXFrameworksBuildPhase;
			buildActionMask = 2147483647;
			files = (
			);
			runOnlyForDeploymentPostprocessing = 0;
		};
		3A010940277145AE001DF464 /* Frameworks */ = {
			isa = PBXFrameworksBuildPhase;
			buildActionMask = 2147483647;
			files = (
			);
			runOnlyForDeploymentPostprocessing = 0;
		};
/* End PBXFrameworksBuildPhase section */

/* Begin PBXGroup section */
		3A01091A277145AC001DF464 = {
			isa = PBXGroup;
			children = (
				3A010925277145AC001DF464 /* Conditional Logic */,
				3A01093C277145AE001DF464 /* Conditional LogicTests */,
				3A010946277145AE001DF464 /* Conditional LogicUITests */,
				3A010924277145AC001DF464 /* Products */,
			);
			sourceTree = "<group>";
		};
		3A010924277145AC001DF464 /* Products */ = {
			isa = PBXGroup;
			children = (
				3A010923277145AC001DF464 /* Conditional Logic.app */,
				3A010939277145AE001DF464 /* Conditional LogicTests.xctest */,
				3A010943277145AE001DF464 /* Conditional LogicUITests.xctest */,
			);
			name = Products;
			sourceTree = "<group>";
		};
		3A010925277145AC001DF464 /* Conditional Logic */ = {
			isa = PBXGroup;
			children = (
				3A010926277145AC001DF464 /* AppDelegate.swift */,
				3A010928277145AC001DF464 /* SceneDelegate.swift */,
				3A01092A277145AC001DF464 /* ViewController.swift */,
				3A01092C277145AC001DF464 /* Main.storyboard */,
				3A01092F277145AD001DF464 /* Assets.xcassets */,
				3A010931277145AD001DF464 /* LaunchScreen.storyboard */,
				3A010934277145AD001DF464 /* Info.plist */,
			);
			path = "Conditional Logic";
			sourceTree = "<group>";
		};
		3A01093C277145AE001DF464 /* Conditional LogicTests */ = {
			isa = PBXGroup;
			children = (
				3A01093D277145AE001DF464 /* Conditional_LogicTests.swift */,
			);
			path = "Conditional LogicTests";
			sourceTree = "<group>";
		};
		3A010946277145AE001DF464 /* Conditional LogicUITests */ = {
			isa = PBXGroup;
			children = (
				3A010947277145AE001DF464 /* Conditional_LogicUITests.swift */,
				3A010949277145AE001DF464 /* Conditional_LogicUITestsLaunchTests.swift */,
			);
			path = "Conditional LogicUITests";
			sourceTree = "<group>";
		};
/* End PBXGroup section */

/* Begin PBXNativeTarget section */
		3A010922277145AC001DF464 /* Conditional Logic */ = {
			isa = PBXNativeTarget;
			buildConfigurationList = 3A01094D277145AE001DF464 /* Build configuration list for PBXNativeTarget "Conditional Logic" */;
			buildPhases = (
				3A01091F277145AC001DF464 /* Sources */,
				3A010920277145AC001DF464 /* Frameworks */,
				3A010921277145AC001DF464 /* Resources */,
			);
			buildRules = (
			);
			dependencies = (
			);
			name = "Conditional Logic";
			productName = "Conditional Logic";
			productReference = 3A010923277145AC001DF464 /* Conditional Logic.app */;
			productType = "com.apple.product-type.application";
		};
		3A010938277145AE001DF464 /* Conditional LogicTests */ = {
			isa = PBXNativeTarget;
			buildConfigurationList = 3A010950277145AE001DF464 /* Build configuration list for PBXNativeTarget "Conditional LogicTests" */;
			buildPhases = (
				3A010935277145AE001DF464 /* Sources */,
				3A010936277145AE001DF464 /* Frameworks */,
				3A010937277145AE001DF464 /* Resources */,
			);
			buildRules = (
			);
			dependencies = (
				3A01093B277145AE001DF464 /* PBXTargetDependency */,
			);
			name = "Conditional LogicTests";
			productName = "Conditional LogicTests";
			productReference = 3A010939277145AE001DF464 /* Conditional LogicTests.xctest */;
			productType = "com.apple.product-type.bundle.unit-test";
		};
		3A010942277145AE001DF464 /* Conditional LogicUITests */ = {
			isa = PBXNativeTarget;
			buildConfigurationList = 3A010953277145AE001DF464 /* Build configuration list for PBXNativeTarget "Conditional LogicUITests" */;
			buildPhases = (
				3A01093F277145AE001DF464 /* Sources */,
				3A010940277145AE001DF464 /* Frameworks */,
				3A010941277145AE001DF464 /* Resources */,
			);
			buildRules = (
			);
			dependencies = (
				3A010945277145AE001DF464 /* PBXTargetDependency */,
			);
			name = "Conditional LogicUITests";
			productName = "Conditional LogicUITests";
			productReference = 3A010943277145AE001DF464 /* Conditional LogicUITests.xctest */;
			productType = "com.apple.product-type.bundle.ui-testing";
		};
/* End PBXNativeTarget section */

/* Begin PBXProject section */
		3A01091B277145AC001DF464 /* Project object */ = {
			isa = PBXProject;
			attributes = {
				BuildIndependentTargetsInParallel = 1;
				LastSwiftUpdateCheck = 1320;
				LastUpgradeCheck = 1320;
				TargetAttributes = {
					3A010922277145AC001DF464 = {
						CreatedOnToolsVersion = 13.2.1;
					};
					3A010938277145AE001DF464 = {
						CreatedOnToolsVersion = 13.2.1;
						TestTargetID = 3A010922277145AC001DF464;
					};
					3A010942277145AE001DF464 = {
						CreatedOnToolsVersion = 13.2.1;
						TestTargetID = 3A010922277145AC001DF464;
					};
				};
			};
			buildConfigurationList = 3A01091E277145AC001DF464 /* Build configuration list for PBXProject "Conditional Logic" */;
			compatibilityVersion = "Xcode 13.0";
			developmentRegion = en;
			hasScannedForEncodings = 0;
			knownRegions = (
				en,
				Base,
			);
			mainGroup = 3A01091A277145AC001DF464;
			productRefGroup = 3A010924277145AC001DF464 /* Products */;
			projectDirPath = "";
			projectRoot = "";
			targets = (
				3A010922277145AC001DF464 /* Conditional Logic */,
				3A010938277145AE001DF464 /* Conditional LogicTests */,
				3A010942277145AE001DF464 /* Conditional LogicUITests */,
			);
		};
/* End PBXProject section */

/* Begin PBXResourcesBuildPhase section */
		3A010921277145AC001DF464 /* Resources */ = {
			isa = PBXResourcesBuildPhase;
			buildActionMask = 2147483647;
			files = (
				3A010933277145AD001DF464 /* LaunchScreen.storyboard in Resources */,
				3A010930277145AD001DF464 /* Assets.xcassets in Resources */,
				3A01092E277145AC001DF464 /* Main.storyboard in Resources */,
			);
			runOnlyForDeploymentPostprocessing = 0;
		};
		3A010937277145AE001DF464 /* Resources */ = {
			isa = PBXResourcesBuildPhase;
			buildActionMask = 2147483647;
			files = (
			);
			runOnlyForDeploymentPostprocessing = 0;
		};
		3A010941277145AE001DF464 /* Resources */ = {
			isa = PBXResourcesBuildPhase;
			buildActionMask = 2147483647;
			files = (
			);
			runOnlyForDeploymentPostprocessing = 0;
		};
/* End PBXResourcesBuildPhase section */

/* Begin PBXSourcesBuildPhase section */
		3A01091F277145AC001DF464 /* Sources */ = {
			isa = PBXSourcesBuildPhase;
			buildActionMask = 2147483647;
			files = (
				3A01092B277145AC001DF464 /* ViewController.swift in Sources */,
				3A010927277145AC001DF464 /* AppDelegate.swift in Sources */,
				3A010929277145AC001DF464 /* SceneDelegate.swift in Sources */,
			);
			runOnlyForDeploymentPostprocessing = 0;
		};
		3A010935277145AE001DF464 /* Sources */ = {
			isa = PBXSourcesBuildPhase;
			buildActionMask = 2147483647;
			files = (
				3A01093E277145AE001DF464 /* Conditional_LogicTests.swift in Sources */,
			);
			runOnlyForDeploymentPostprocessing = 0;
		};
		3A01093F277145AE001DF464 /* Sources */ = {
			isa = PBXSourcesBuildPhase;
			buildActionMask = 2147483647;
			files = (
				3A01094A277145AE001DF464 /* Conditional_LogicUITestsLaunchTests.swift in Sources */,
				3A010948277145AE001DF464 /* Conditional_LogicUITests.swift in Sources */,
			);
			runOnlyForDeploymentPostprocessing = 0;
		};
/* End PBXSourcesBuildPhase section */

/* Begin PBXTargetDependency section */
		3A01093B277145AE001DF464 /* PBXTargetDependency */ = {
			isa = PBXTargetDependency;
			target = 3A010922277145AC001DF464 /* Conditional Logic */;
			targetProxy = 3A01093A277145AE001DF464 /* PBXContainerItemProxy */;
		};
		3A010945277145AE001DF464 /* PBXTargetDependency */ = {
			isa = PBXTargetDependency;
			target = 3A010922277145AC001DF464 /* Conditional Logic */;
			targetProxy = 3A010944277145AE001DF464 /* PBXContainerItemProxy */;
		};
/* End PBXTargetDependency section */

/* Begin PBXVariantGroup section */
		3A01092C277145AC001DF464 /* Main.storyboard */ = {
			isa = PBXVariantGroup;
			children = (
				3A01092D277145AC001DF464 /* Base */,
			);
			name = Main.storyboard;
			sourceTree = "<group>";
		};
		3A010931277145AD001DF464 /* LaunchScreen.storyboard */ = {
			isa = PBXVariantGroup;
			children = (
				3A010932277145AD001DF464 /* Base */,
			);
			name = LaunchScreen.storyboard;
			sourceTree = "<group>";
		};
/* End PBXVariantGroup section */

/* Begin XCBuildConfiguration section */
		3A01094B277145AE001DF464 /* Debug */ = {
			isa = XCBuildConfiguration;
			buildSettings = {
				ALWAYS_SEARCH_USER_PATHS = NO;
				CLANG_ANALYZER_NONNULL = YES;
				CLANG_ANALYZER_NUMBER_OBJECT_CONVERSION = YES_AGGRESSIVE;
				CLANG_CXX_LANGUAGE_STANDARD = "gnu++17";
				CLANG_CXX_LIBRARY = "libc++";
				CLANG_ENABLE_MODULES = YES;
				CLANG_ENABLE_OBJC_ARC = YES;
				CLANG_ENABLE_OBJC_WEAK = YES;
				CLANG_WARN_BLOCK_CAPTURE_AUTORELEASING = YES;
				CLANG_WARN_BOOL_CONVERSION = YES;
				CLANG_WARN_COMMA = YES;
				CLANG_WARN_CONSTANT_CONVERSION = YES;
				CLANG_WARN_DEPRECATED_OBJC_IMPLEMENTATIONS = YES;
				CLANG_WARN_DIRECT_OBJC_ISA_USAGE = YES_ERROR;
				CLANG_WARN_DOCUMENTATION_COMMENTS = YES;
				CLANG_WARN_EMPTY_BODY = YES;
				CLANG_WARN_ENUM_CONVERSION = YES;
				CLANG_WARN_INFINITE_RECURSION = YES;
				CLANG_WARN_INT_CONVERSION = YES;
				CLANG_WARN_NON_LITERAL_NULL_CONVERSION = YES;
				CLANG_WARN_OBJC_IMPLICIT_RETAIN_SELF = YES;
				CLANG_WARN_OBJC_LITERAL_CONVERSION = YES;
				CLANG_WARN_OBJC_ROOT_CLASS = YES_ERROR;
				CLANG_WARN_QUOTED_INCLUDE_IN_FRAMEWORK_HEADER = YES;
				CLANG_WARN_RANGE_LOOP_ANALYSIS = YES;
				CLANG_WARN_STRICT_PROTOTYPES = YES;
				CLANG_WARN_SUSPICIOUS_MOVE = YES;
				CLANG_WARN_UNGUARDED_AVAILABILITY = YES_AGGRESSIVE;
				CLANG_WARN_UNREACHABLE_CODE = YES;
				CLANG_WARN__DUPLICATE_METHOD_MATCH = YES;
				COPY_PHASE_STRIP = NO;
				DEBUG_INFORMATION_FORMAT = dwarf;
				ENABLE_STRICT_OBJC_MSGSEND = YES;
				ENABLE_TESTABILITY = YES;
				GCC_C_LANGUAGE_STANDARD = gnu11;
				GCC_DYNAMIC_NO_PIC = NO;
				GCC_NO_COMMON_BLOCKS = YES;
				GCC_OPTIMIZATION_LEVEL = 0;
				GCC_PREPROCESSOR_DEFINITIONS = (
					"DEBUG=1",
					"$(inherited)",
				);
				GCC_WARN_64_TO_32_BIT_CONVERSION = YES;
				GCC_WARN_ABOUT_RETURN_TYPE = YES_ERROR;
				GCC_WARN_UNDECLARED_SELECTOR = YES;
				GCC_WARN_UNINITIALIZED_AUTOS = YES_AGGRESSIVE;
				GCC_WARN_UNUSED_FUNCTION = YES;
				GCC_WARN_UNUSED_VARIABLE = YES;
				IPHONEOS_DEPLOYMENT_TARGET = 15.2;
				MTL_ENABLE_DEBUG_INFO = INCLUDE_SOURCE;
				MTL_FAST_MATH = YES;
				ONLY_ACTIVE_ARCH = YES;
				SDKROOT = iphoneos;
				SWIFT_ACTIVE_COMPILATION_CONDITIONS = DEBUG;
				SWIFT_OPTIMIZATION_LEVEL = "-Onone";
			};
			name = Debug;
		};
		3A01094C277145AE001DF464 /* Release */ = {
			isa = XCBuildConfiguration;
			buildSettings = {
				ALWAYS_SEARCH_USER_PATHS = NO;
				CLANG_ANALYZER_NONNULL = YES;
				CLANG_ANALYZER_NUMBER_OBJECT_CONVERSION = YES_AGGRESSIVE;
				CLANG_CXX_LANGUAGE_STANDARD = "gnu++17";
				CLANG_CXX_LIBRARY = "libc++";
				CLANG_ENABLE_MODULES = YES;
				CLANG_ENABLE_OBJC_ARC = YES;
				CLANG_ENABLE_OBJC_WEAK = YES;
				CLANG_WARN_BLOCK_CAPTURE_AUTORELEASING = YES;
				CLANG_WARN_BOOL_CONVERSION = YES;
				CLANG_WARN_COMMA = YES;
				CLANG_WARN_CONSTANT_CONVERSION = YES;
				CLANG_WARN_DEPRECATED_OBJC_IMPLEMENTATIONS = YES;
				CLANG_WARN_DIRECT_OBJC_ISA_USAGE = YES_ERROR;
				CLANG_WARN_DOCUMENTATION_COMMENTS = YES;
				CLANG_WARN_EMPTY_BODY = YES;
				CLANG_WARN_ENUM_CONVERSION = YES;
				CLANG_WARN_INFINITE_RECURSION = YES;
				CLANG_WARN_INT_CONVERSION = YES;
				CLANG_WARN_NON_LITERAL_NULL_CONVERSION = YES;
				CLANG_WARN_OBJC_IMPLICIT_RETAIN_SELF = YES;
				CLANG_WARN_OBJC_LITERAL_CONVERSION = YES;
				CLANG_WARN_OBJC_ROOT_CLASS = YES_ERROR;
				CLANG_WARN_QUOTED_INCLUDE_IN_FRAMEWORK_HEADER = YES;
				CLANG_WARN_RANGE_LOOP_ANALYSIS = YES;
				CLANG_WARN_STRICT_PROTOTYPES = YES;
				CLANG_WARN_SUSPICIOUS_MOVE = YES;
				CLANG_WARN_UNGUARDED_AVAILABILITY = YES_AGGRESSIVE;
				CLANG_WARN_UNREACHABLE_CODE = YES;
				CLANG_WARN__DUPLICATE_METHOD_MATCH = YES;
				COPY_PHASE_STRIP = NO;
				DEBUG_INFORMATION_FORMAT = "dwarf-with-dsym";
				ENABLE_NS_ASSERTIONS = NO;
				ENABLE_STRICT_OBJC_MSGSEND = YES;
				GCC_C_LANGUAGE_STANDARD = gnu11;
				GCC_NO_COMMON_BLOCKS = YES;
				GCC_WARN_64_TO_32_BIT_CONVERSION = YES;
				GCC_WARN_ABOUT_RETURN_TYPE = YES_ERROR;
				GCC_WARN_UNDECLARED_SELECTOR = YES;
				GCC_WARN_UNINITIALIZED_AUTOS = YES_AGGRESSIVE;
				GCC_WARN_UNUSED_FUNCTION = YES;
				GCC_WARN_UNUSED_VARIABLE = YES;
				IPHONEOS_DEPLOYMENT_TARGET = 15.2;
				MTL_ENABLE_DEBUG_INFO = NO;
				MTL_FAST_MATH = YES;
				SDKROOT = iphoneos;
				SWIFT_COMPILATION_MODE = wholemodule;
				SWIFT_OPTIMIZATION_LEVEL = "-O";
				VALIDATE_PRODUCT = YES;
			};
			name = Release;
		};
		3A01094E277145AE001DF464 /* Debug */ = {
			isa = XCBuildConfiguration;
			buildSettings = {
				ASSETCATALOG_COMPILER_APPICON_NAME = AppIcon;
				ASSETCATALOG_COMPILER_GLOBAL_ACCENT_COLOR_NAME = AccentColor;
				CODE_SIGN_STYLE = Automatic;
				CURRENT_PROJECT_VERSION = 1;
				DEVELOPMENT_TEAM = YYD2J449J6;
				GENERATE_INFOPLIST_FILE = YES;
				INFOPLIST_FILE = "Conditional Logic/Info.plist";
				INFOPLIST_KEY_UIApplicationSupportsIndirectInputEvents = YES;
				INFOPLIST_KEY_UILaunchStoryboardName = LaunchScreen;
				INFOPLIST_KEY_UIMainStoryboardFile = Main;
				INFOPLIST_KEY_UISupportedInterfaceOrientations_iPad = "UIInterfaceOrientationPortrait UIInterfaceOrientationPortraitUpsideDown UIInterfaceOrientationLandscapeLeft UIInterfaceOrientationLandscapeRight";
				INFOPLIST_KEY_UISupportedInterfaceOrientations_iPhone = "UIInterfaceOrientationPortrait UIInterfaceOrientationLandscapeLeft UIInterfaceOrientationLandscapeRight";
				LD_RUNPATH_SEARCH_PATHS = (
					"$(inherited)",
					"@executable_path/Frameworks",
				);
				MARKETING_VERSION = 1.0;
				PRODUCT_BUNDLE_IDENTIFIER = "Gudino.Conditional-Logic";
				PRODUCT_NAME = "$(TARGET_NAME)";
				SWIFT_EMIT_LOC_STRINGS = YES;
				SWIFT_VERSION = 5.0;
				TARGETED_DEVICE_FAMILY = "1,2";
			};
			name = Debug;
		};
		3A01094F277145AE001DF464 /* Release */ = {
			isa = XCBuildConfiguration;
			buildSettings = {
				ASSETCATALOG_COMPILER_APPICON_NAME = AppIcon;
				ASSETCATALOG_COMPILER_GLOBAL_ACCENT_COLOR_NAME = AccentColor;
				CODE_SIGN_STYLE = Automatic;
				CURRENT_PROJECT_VERSION = 1;
				DEVELOPMENT_TEAM = YYD2J449J6;
				GENERATE_INFOPLIST_FILE = YES;
				INFOPLIST_FILE = "Conditional Logic/Info.plist";
				INFOPLIST_KEY_UIApplicationSupportsIndirectInputEvents = YES;
				INFOPLIST_KEY_UILaunchStoryboardName = LaunchScreen;
				INFOPLIST_KEY_UIMainStoryboardFile = Main;
				INFOPLIST_KEY_UISupportedInterfaceOrientations_iPad = "UIInterfaceOrientationPortrait UIInterfaceOrientationPortraitUpsideDown UIInterfaceOrientationLandscapeLeft UIInterfaceOrientationLandscapeRight";
				INFOPLIST_KEY_UISupportedInterfaceOrientations_iPhone = "UIInterfaceOrientationPortrait UIInterfaceOrientationLandscapeLeft UIInterfaceOrientationLandscapeRight";
				LD_RUNPATH_SEARCH_PATHS = (
					"$(inherited)",
					"@executable_path/Frameworks",
				);
				MARKETING_VERSION = 1.0;
				PRODUCT_BUNDLE_IDENTIFIER = "Gudino.Conditional-Logic";
				PRODUCT_NAME = "$(TARGET_NAME)";
				SWIFT_EMIT_LOC_STRINGS = YES;
				SWIFT_VERSION = 5.0;
				TARGETED_DEVICE_FAMILY = "1,2";
			};
			name = Release;
		};
		3A010951277145AE001DF464 /* Debug */ = {
			isa = XCBuildConfiguration;
			buildSettings = {
				ALWAYS_EMBED_SWIFT_STANDARD_LIBRARIES = YES;
				BUNDLE_LOADER = "$(TEST_HOST)";
				CODE_SIGN_STYLE = Automatic;
				CURRENT_PROJECT_VERSION = 1;
				DEVELOPMENT_TEAM = YYD2J449J6;
				GENERATE_INFOPLIST_FILE = YES;
				IPHONEOS_DEPLOYMENT_TARGET = 15.2;
				MARKETING_VERSION = 1.0;
				PRODUCT_BUNDLE_IDENTIFIER = "Gudino.Conditional-LogicTests";
				PRODUCT_NAME = "$(TARGET_NAME)";
				SWIFT_EMIT_LOC_STRINGS = NO;
				SWIFT_VERSION = 5.0;
				TARGETED_DEVICE_FAMILY = "1,2";
				TEST_HOST = "$(BUILT_PRODUCTS_DIR)/Conditional Logic.app/Conditional Logic";
			};
			name = Debug;
		};
		3A010952277145AE001DF464 /* Release */ = {
			isa = XCBuildConfiguration;
			buildSettings = {
				ALWAYS_EMBED_SWIFT_STANDARD_LIBRARIES = YES;
				BUNDLE_LOADER = "$(TEST_HOST)";
				CODE_SIGN_STYLE = Automatic;
				CURRENT_PROJECT_VERSION = 1;
				DEVELOPMENT_TEAM = YYD2J449J6;
				GENERATE_INFOPLIST_FILE = YES;
				IPHONEOS_DEPLOYMENT_TARGET = 15.2;
				MARKETING_VERSION = 1.0;
				PRODUCT_BUNDLE_IDENTIFIER = "Gudino.Conditional-LogicTests";
				PRODUCT_NAME = "$(TARGET_NAME)";
				SWIFT_EMIT_LOC_STRINGS = NO;
				SWIFT_VERSION = 5.0;
				TARGETED_DEVICE_FAMILY = "1,2";
				TEST_HOST = "$(BUILT_PRODUCTS_DIR)/Conditional Logic.app/Conditional Logic";
			};
			name = Release;
		};
		3A010954277145AE001DF464 /* Debug */ = {
			isa = XCBuildConfiguration;
			buildSettings = {
				ALWAYS_EMBED_SWIFT_STANDARD_LIBRARIES = YES;
				CODE_SIGN_STYLE = Automatic;
				CURRENT_PROJECT_VERSION = 1;
				DEVELOPMENT_TEAM = YYD2J449J6;
				GENERATE_INFOPLIST_FILE = YES;
				MARKETING_VERSION = 1.0;
				PRODUCT_BUNDLE_IDENTIFIER = "Gudino.Conditional-LogicUITests";
				PRODUCT_NAME = "$(TARGET_NAME)";
				SWIFT_EMIT_LOC_STRINGS = NO;
				SWIFT_VERSION = 5.0;
				TARGETED_DEVICE_FAMILY = "1,2";
				TEST_TARGET_NAME = "Conditional Logic";
			};
			name = Debug;
		};
		3A010955277145AE001DF464 /* Release */ = {
			isa = XCBuildConfiguration;
			buildSettings = {
				ALWAYS_EMBED_SWIFT_STANDARD_LIBRARIES = YES;
				CODE_SIGN_STYLE = Automatic;
				CURRENT_PROJECT_VERSION = 1;
				DEVELOPMENT_TEAM = YYD2J449J6;
				GENERATE_INFOPLIST_FILE = YES;
				MARKETING_VERSION = 1.0;
				PRODUCT_BUNDLE_IDENTIFIER = "Gudino.Conditional-LogicUITests";
				PRODUCT_NAME = "$(TARGET_NAME)";
				SWIFT_EMIT_LOC_STRINGS = NO;
				SWIFT_VERSION = 5.0;
				TARGETED_DEVICE_FAMILY = "1,2";
				TEST_TARGET_NAME = "Conditional Logic";
			};
			name = Release;
		};
/* End XCBuildConfiguration section */

/* Begin XCConfigurationList section */
		3A01091E277145AC001DF464 /* Build configuration list for PBXProject "Conditional Logic" */ = {
			isa = XCConfigurationList;
			buildConfigurations = (
				3A01094B277145AE001DF464 /* Debug */,
				3A01094C277145AE001DF464 /* Release */,
			);
			defaultConfigurationIsVisible = 0;
			defaultConfigurationName = Release;
		};
		3A01094D277145AE001DF464 /* Build configuration list for PBXNativeTarget "Conditional Logic" */ = {
			isa = XCConfigurationList;
			buildConfigurations = (
				3A01094E277145AE001DF464 /* Debug */,
				3A01094F277145AE001DF464 /* Release */,
			);
			defaultConfigurationIsVisible = 0;
			defaultConfigurationName = Release;
		};
		3A010950277145AE001DF464 /* Build configuration list for PBXNativeTarget "Conditional LogicTests" */ = {
			isa = XCConfigurationList;
			buildConfigurations = (
				3A010951277145AE001DF464 /* Debug */,
				3A010952277145AE001DF464 /* Release */,
			);
			defaultConfigurationIsVisible = 0;
			defaultConfigurationName = Release;
		};
		3A010953277145AE001DF464 /* Build configuration list for PBXNativeTarget "Conditional LogicUITests" */ = {
			isa = XCConfigurationList;
			buildConfigurations = (
				3A010954277145AE001DF464 /* Debug */,
				3A010955277145AE001DF464 /* Release */,
			);
			defaultConfigurationIsVisible = 0;
			defaultConfigurationName = Release;
		};
/* End XCConfigurationList section */
	};
	rootObject = 3A01091B277145AC001DF464 /* Project object */;
}
